
Microsoft Visual Studio Solution File, Format Version 12.00
# Visual Studio Version 18
VisualStudioVersion = 18.6.11822.322
MinimumVisualStudioVersion = 10.0.40219.1
Project("{2150E333-8FDC-42A3-9474-1A3956D46DE8}") = "Solution Items", "Solution Items", "{5D0EDC2D-B06E-44C7-B722-A95605E4D58C}"
	ProjectSection(SolutionItems) = preProject
		.editorconfig = .editorconfig
	EndProjectSection
EndProject
Project("{2150E333-8FDC-42A3-9474-1A3956D46DE8}") = "Tests", "Tests", "{286FC7F6-3D7D-4D43-BAFB-52056E83EE0B}"
EndProject
Project("{9A19103F-16F7-4668-BE54-9A1E7A4F7556}") = "ConfigCat.Client.Tests", "test\ConfigCat.Client.Tests\ConfigCat.Client.Tests.csproj", "{88B138B9-E95F-4532-B8BB-058346810CE9}"
EndProject
Project("{9A19103F-16F7-4668-BE54-9A1E7A4F7556}") = "ConfigCatClient", "src\ConfigCatClient\ConfigCatClient.csproj", "{3046A17C-28AC-49A7-8B7B-E618FB5992F0}"
EndProject
Project("{FAE04EC0-301F-11D3-BF4B-00C04F79EFBC}") = "ConfigCat.Extensions.Hosting", "src\ConfigCat.Extensions.Hosting\ConfigCat.Extensions.Hosting.csproj", "{7184A706-6E3F-6ABC-692C-D82345EC3911}"
EndProject
Project("{FAE04EC0-301F-11D3-BF4B-00C04F79EFBC}") = "ConfigCat.Extensions.Hosting.Tests", "test\ConfigCat.Extensions.Hosting.Tests\ConfigCat.Extensions.Hosting.Tests.csproj", "{11D246D1-AB80-76A5-2019-B026A57E4059}"
EndProject
Global
	GlobalSection(SolutionConfigurationPlatforms) = preSolution
		Debug|Any CPU = Debug|Any CPU
		Release|Any CPU = Release|Any CPU
	EndGlobalSection
	GlobalSection(ProjectConfigurationPlatforms) = postSolution
		{88B138B9-E95F-4532-B8BB-058346810CE9}.Debug|Any CPU.ActiveCfg = Debug|Any CPU
		{88B138B9-E95F-4532-B8BB-058346810CE9}.Debug|Any CPU.Build.0 = Debug|Any CPU
		{88B138B9-E95F-4532-B8BB-058346810CE9}.Release|Any CPU.ActiveCfg = Release|Any CPU
		{88B138B9-E95F-4532-B8BB-058346810CE9}.Release|Any CPU.Build.0 = Release|Any CPU
		{3046A17C-28AC-49A7-8B7B-E618FB5992F0}.Debug|Any CPU.ActiveCfg = Debug|Any CPU
		{3046A17C-28AC-49A7-8B7B-E618FB5992F0}.Debug|Any CPU.Build.0 = Debug|Any CPU
		{3046A17C-28AC-49A7-8B7B-E618FB5992F0}.Release|Any CPU.ActiveCfg = Release|Any CPU
		{3046A17C-28AC-49A7-8B7B-E618FB5992F0}.Release|Any CPU.Build.0 = Release|Any CPU
		{7184A706-6E3F-6ABC-692C-D82345EC3911}.Debug|Any CPU.ActiveCfg = Debug|Any CPU
		{7184A706-6E3F-6ABC-692C-D82345EC3911}.Debug|Any CPU.Build.0 = Debug|Any CPU
		{7184A706-6E3F-6ABC-692C-D82345EC3911}.Release|Any CPU.ActiveCfg = Release|Any CPU
		{7184A706-6E3F-6ABC-692C-D82345EC3911}.Release|Any CPU.Build.0 = Release|Any CPU
		{11D246D1-AB80-76A5-2019-B026A57E4059}.Debug|Any CPU.ActiveCfg = Debug|Any CPU
		{11D246D1-AB80-76A5-2019-B026A57E4059}.Debug|Any CPU.Build.0 = Debug|Any CPU
		{11D246D1-AB80-76A5-2019-B026A57E4059}.Release|Any CPU.ActiveCfg = Release|Any CPU
		{11D246D1-AB80-76A5-2019-B026A57E4059}.Release|Any CPU.Build.0 = Release|Any CPU
	EndGlobalSection
	GlobalSection(SolutionProperties) = preSolution
		HideSolutionNode = FALSE
	EndGlobalSection
	GlobalSection(NestedProjects) = preSolution
		{88B138B9-E95F-4532-B8BB-058346810CE9} = {286FC7F6-3D7D-4D43-BAFB-52056E83EE0B}
		{11D246D1-AB80-76A5-2019-B026A57E4059} = {286FC7F6-3D7D-4D43-BAFB-52056E83EE0B}
	EndGlobalSection
	GlobalSection(ExtensibilityGlobals) = postSolution
		SolutionGuid = {603D984C-2D2B-40A1-A2D9-CDD598DC4AA8}
	EndGlobalSection
EndGlobal
